
Microsoft Visual Studio Solution File, Format Version 12.00
# Visual Studio 15
VisualStudioVersion = 15.0.26730.3
MinimumVisualStudioVersion = 10.0.40219.1
Project("{FAE04EC0-301F-11D3-BF4B-00C04F79EFBC}") = "Decrypt7", "Decrypt7\Decrypt7.csproj", "{5A98A24C-6FBD-4851-9D41-3ED410D04181}"
EndProject
Global
	GlobalSection(SolutionConfigurationPlatforms) = preSolution
		Debug|Any CPU = Debug|Any CPU
		Release|Any CPU = Release|Any CPU
	EndGlobalSection
	GlobalSection(ProjectConfigurationPlatforms) = postSolution
		{5A98A24C-6FBD-4851-9D41-3ED410D04181}.Debug|Any CPU.ActiveCfg = Debug|Any CPU
		{5A98A24C-6FBD-4851-9D41-3ED410D04181}.Debug|Any CPU.Build.0 = Debug|Any CPU
		{5A98A24C-6FBD-4851-9D41-3ED410D04181}.Release|Any CPU.ActiveCfg = Release|Any CPU
		{5A98A24C-6FBD-4851-9D41-3ED410D04181}.Release|Any CPU.Build.0 = Release|Any CPU
	EndGlobalSection
	GlobalSection(SolutionProperties) = preSolution
		HideSolutionNode = FALSE
	EndGlobalSection
	GlobalSection(ExtensibilityGlobals) = postSolution
		SolutionGuid = {FB3BB516-F4B9-4B70-9DD8-411513529ADA}
	EndGlobalSection
EndGlobal
